
Microsoft Visual Studio Solution File, Format Version 12.00
# Visual Studio Version 17
VisualStudioVersion = 17.4.33213.308
MinimumVisualStudioVersion = 10.0.40219.1
Project("{FAE04EC0-301F-11D3-BF4B-00C04F79EFBC}") = "AdmissionCommittee", "AdmissionCommittee.csproj", "{7B7A8683-3A29-4E47-8B4A-79A4FB7AAFB9}"
EndProject
Global
	GlobalSection(SolutionConfigurationPlatforms) = preSolution
		Debug|Any CPU = Debug|Any CPU
		Release|Any CPU = Release|Any CPU
	EndGlobalSection
	GlobalSection(ProjectConfigurationPlatforms) = postSolution
		{7B7A8683-3A29-4E47-8B4A-79A4FB7AAFB9}.Debug|Any CPU.ActiveCfg = Debug|Any CPU
		{7B7A8683-3A29-4E47-8B4A-79A4FB7AAFB9}.Debug|Any CPU.Build.0 = Debug|Any CPU
		{7B7A8683-3A29-4E47-8B4A-79A4FB7AAFB9}.Release|Any CPU.ActiveCfg = Release|Any CPU
		{7B7A8683-3A29-4E47-8B4A-79A4FB7AAFB9}.Release|Any CPU.Build.0 = Release|Any CPU
	EndGlobalSection
	GlobalSection(SolutionProperties) = preSolution
		HideSolutionNode = FALSE
	EndGlobalSection
	GlobalSection(ExtensibilityGlobals) = postSolution
		SolutionGuid = {28EB1622-91B3-4B02-B415-E62F21834CCC}
	EndGlobalSection
EndGlobal
